
Microsoft Visual Studio Solution File, Format Version 12.00
# Visual Studio Version 17
VisualStudioVersion = 17.5.33530.505
MinimumVisualStudioVersion = 10.0.40219.1
Project("{FAE04EC0-301F-11D3-BF4B-00C04F79EFBC}") = "ConverterArabianToRomany", "ConverterArabianToRomany.csproj", "{FA26BD3B-F800-40F0-8027-08FC90724F6D}"
EndProject
Global
	GlobalSection(SolutionConfigurationPlatforms) = preSolution
		Debug|Any CPU = Debug|Any CPU
		Release|Any CPU = Release|Any CPU
	EndGlobalSection
	GlobalSection(ProjectConfigurationPlatforms) = postSolution
		{FA26BD3B-F800-40F0-8027-08FC90724F6D}.Debug|Any CPU.ActiveCfg = Debug|Any CPU
		{FA26BD3B-F800-40F0-8027-08FC90724F6D}.Debug|Any CPU.Build.0 = Debug|Any CPU
		{FA26BD3B-F800-40F0-8027-08FC90724F6D}.Release|Any CPU.ActiveCfg = Release|Any CPU
		{FA26BD3B-F800-40F0-8027-08FC90724F6D}.Release|Any CPU.Build.0 = Release|Any CPU
	EndGlobalSection
	GlobalSection(SolutionProperties) = preSolution
		HideSolutionNode = FALSE
	EndGlobalSection
	GlobalSection(ExtensibilityGlobals) = postSolution
		SolutionGuid = {91DC4910-9FEF-42FB-9E2E-4E27D3FAC4AA}
	EndGlobalSection
EndGlobal
